// !$*UTF8*$!
{
	archiveVersion = 1;
	classes = {
	};
	objectVersion = 50;
	objects = {

/* Begin PBXBuildFile section */
		0BA3CBDB20C0EEFE000F6DB0 /* AppDelegate.m in Sources */ = {isa = PBXBuildFile; fileRef = 0BA3CBDA20C0EEFE000F6DB0 /* AppDelegate.m */; };
		0BA3CBDE20C0EEFE000F6DB0 /* ViewController.m in Sources */ = {isa = PBXBuildFile; fileRef = 0BA3CBDD20C0EEFE000F6DB0 /* ViewController.m */; };
		0BA3CBE120C0EEFE000F6DB0 /* Main.storyboard in Resources */ = {isa = PBXBuildFile; fileRef = 0BA3CBDF20C0EEFE000F6DB0 /* Main.storyboard */; };
		0BA3CBE320C0EF00000F6DB0 /* Assets.xcassets in Resources */ = {isa = PBXBuildFile; fileRef = 0BA3CBE220C0EF00000F6DB0 /* Assets.xcassets */; };
		0BA3CBE620C0EF00000F6DB0 /* LaunchScreen.storyboard in Resources */ = {isa = PBXBuildFile; fileRef = 0BA3CBE420C0EF00000F6DB0 /* LaunchScreen.storyboard */; };
		0BA3CBE920C0EF00000F6DB0 /* main.m in Sources */ = {isa = PBXBuildFile; fileRef = 0BA3CBE820C0EF00000F6DB0 /* main.m */; };
		0BA3CBFC20C0F1B9000F6DB0 /* Foundation.framework in Frameworks */ = {isa = PBXBuildFile; fileRef = 0BA3CBFB20C0F1B9000F6DB0 /* Foundation.framework */; };
		0BA3CBFE20C0F1C1000F6DB0 /* UIKit.framework in Frameworks */ = {isa = PBXBuildFile; fileRef = 0BA3CBFD20C0F1C1000F6DB0 /* UIKit.framework */; };
		0BA3CC0720C0F7AA000F6DB0 /* HFPopViewController.m in Sources */ = {isa = PBXBuildFile; fileRef = 0BA3CC0620C0F7AA000F6DB0 /* HFPopViewController.m */; };
		0BA3CC0920C1195C000F6DB0 /* HFCoreKit.framework in Frameworks */ = {isa = PBXBuildFile; fileRef = 0BA3CC0820C1195C000F6DB0 /* HFCoreKit.framework */; };
/* End PBXBuildFile section */

/* Begin PBXContainerItemProxy section */
		0BA3CBF720C0EFAB000F6DB0 /* PBXContainerItemProxy */ = {
			isa = PBXContainerItemProxy;
			containerPortal = 0BA3CBF220C0EFAA000F6DB0 /* HFCoreKit.xcodeproj */;
			proxyType = 2;
			remoteGlobalIDString = 659AC70E1ED8363F00C979D1;
			remoteInfo = HFCoreKit;
		};
/* End PBXContainerItemProxy section */

/* Begin PBXFileReference section */
		0BA3CBD620C0EEFE000F6DB0 /* HFAlertViewController.app */ = {isa = PBXFileReference; explicitFileType = wrapper.application; includeInIndex = 0; path = HFAlertViewController.app; sourceTree = BUILT_PRODUCTS_DIR; };
		0BA3CBD920C0EEFE000F6DB0 /* AppDelegate.h */ = {isa = PBXFileReference; lastKnownFileType = sourcecode.c.h; path = AppDelegate.h; sourceTree = "<group>"; };
		0BA3CBDA20C0EEFE000F6DB0 /* AppDelegate.m */ = {isa = PBXFileReference; lastKnownFileType = sourcecode.c.objc; path = AppDelegate.m; sourceTree = "<group>"; };
		0BA3CBDC20C0EEFE000F6DB0 /* ViewController.h */ = {isa = PBXFileReference; lastKnownFileType = sourcecode.c.h; path = ViewController.h; sourceTree = "<group>"; };
		0BA3CBDD20C0EEFE000F6DB0 /* ViewController.m */ = {isa = PBXFileReference; lastKnownFileType = sourcecode.c.objc; path = ViewController.m; sourceTree = "<group>"; };
		0BA3CBE020C0EEFE000F6DB0 /* Base */ = {isa = PBXFileReference; lastKnownFileType = file.storyboard; name = Base; path = Base.lproj/Main.storyboard; sourceTree = "<group>"; };
		0BA3CBE220C0EF00000F6DB0 /* Assets.xcassets */ = {isa = PBXFileReference; lastKnownFileType = folder.assetcatalog; path = Assets.xcassets; sourceTree = "<group>"; };
		0BA3CBE520C0EF00000F6DB0 /* Base */ = {isa = PBXFileReference; lastKnownFileType = file.storyboard; name = Base; path = Base.lproj/LaunchScreen.storyboard; sourceTree = "<group>"; };
		0BA3CBE720C0EF00000F6DB0 /* Info.plist */ = {isa = PBXFileReference; lastKnownFileType = text.plist.xml; path = Info.plist; sourceTree = "<group>"; };
		0BA3CBE820C0EF00000F6DB0 /* main.m */ = {isa = PBXFileReference; lastKnownFileType = sourcecode.c.objc; path = main.m; sourceTree = "<group>"; };
		0BA3CBF220C0EFAA000F6DB0 /* HFCoreKit.xcodeproj */ = {isa = PBXFileReference; lastKnownFileType = "wrapper.pb-project"; name = HFCoreKit.xcodeproj; path = HFCoreKit/HFCoreKit.xcodeproj; sourceTree = "<group>"; };
		0BA3CBF920C0EFBF000F6DB0 /* PrefixHeader.pch */ = {isa = PBXFileReference; lastKnownFileType = sourcecode.c.h; path = PrefixHeader.pch; sourceTree = "<group>"; };
		0BA3CBFB20C0F1B9000F6DB0 /* Foundation.framework */ = {isa = PBXFileReference; lastKnownFileType = wrapper.framework; name = Foundation.framework; path = System/Library/Frameworks/Foundation.framework; sourceTree = SDKROOT; };
		0BA3CBFD20C0F1C1000F6DB0 /* UIKit.framework */ = {isa = PBXFileReference; lastKnownFileType = wrapper.framework; name = UIKit.framework; path = System/Library/Frameworks/UIKit.framework; sourceTree = SDKROOT; };
		0BA3CC0520C0F7AA000F6DB0 /* HFPopViewController.h */ = {isa = PBXFileReference; lastKnownFileType = sourcecode.c.h; path = HFPopViewController.h; sourceTree = "<group>"; };
		0BA3CC0620C0F7AA000F6DB0 /* HFPopViewController.m */ = {isa = PBXFileReference; lastKnownFileType = sourcecode.c.objc; path = HFPopViewController.m; sourceTree = "<group>"; };
		0BA3CC0820C1195C000F6DB0 /* HFCoreKit.framework */ = {isa = PBXFileReference; lastKnownFileType = wrapper.framework; name = HFCoreKit.framework; path = "../Library/Developer/Xcode/DerivedData/HFAlertViewController-bcyuewgghzdtxxhasegenhxsbmbi/Build/Products/Debug-iphoneos/HFCoreKit.framework"; sourceTree = "<group>"; };
/* End PBXFileReference section */

/* Begin PBXFrameworksBuildPhase section */
		0BA3CBD320C0EEFE000F6DB0 /* Frameworks */ = {
			isa = PBXFrameworksBuildPhase;
			buildActionMask = 2147483647;
			files = (
				0BA3CBFE20C0F1C1000F6DB0 /* UIKit.framework in Frameworks */,
				0BA3CC0920C1195C000F6DB0 /* HFCoreKit.framework in Frameworks */,
				0BA3CBFC20C0F1B9000F6DB0 /* Foundation.framework in Frameworks */,
			);
			runOnlyForDeploymentPostprocessing = 0;
		};
/* End PBXFrameworksBuildPhase section */

/* Begin PBXGroup section */
		0BA3CBCD20C0EEFE000F6DB0 = {
			isa = PBXGroup;
			children = (
				0BA3CBF220C0EFAA000F6DB0 /* HFCoreKit.xcodeproj */,
				0BA3CBD820C0EEFE000F6DB0 /* HFAlertViewController */,
				0BA3CBD720C0EEFE000F6DB0 /* Products */,
				0BA3CBFA20C0F1B8000F6DB0 /* Frameworks */,
			);
			sourceTree = "<group>";
		};
		0BA3CBD720C0EEFE000F6DB0 /* Products */ = {
			isa = PBXGroup;
			children = (
				0BA3CBD620C0EEFE000F6DB0 /* HFAlertViewController.app */,
			);
			name = Products;
			sourceTree = "<group>";
		};
		0BA3CBD820C0EEFE000F6DB0 /* HFAlertViewController */ = {
			isa = PBXGroup;
			children = (
				0BA3CBD920C0EEFE000F6DB0 /* AppDelegate.h */,
				0BA3CBDA20C0EEFE000F6DB0 /* AppDelegate.m */,
				0BA3CBDC20C0EEFE000F6DB0 /* ViewController.h */,
				0BA3CBDD20C0EEFE000F6DB0 /* ViewController.m */,
				0BA3CC0520C0F7AA000F6DB0 /* HFPopViewController.h */,
				0BA3CC0620C0F7AA000F6DB0 /* HFPopViewController.m */,
				0BA3CBF920C0EFBF000F6DB0 /* PrefixHeader.pch */,
				0BA3CBDF20C0EEFE000F6DB0 /* Main.storyboard */,
				0BA3CBE220C0EF00000F6DB0 /* Assets.xcassets */,
				0BA3CBE420C0EF00000F6DB0 /* LaunchScreen.storyboard */,
				0BA3CBE720C0EF00000F6DB0 /* Info.plist */,
				0BA3CBE820C0EF00000F6DB0 /* main.m */,
			);
			path = HFAlertViewController;
			sourceTree = "<group>";
		};
		0BA3CBF320C0EFAA000F6DB0 /* Products */ = {
			isa = PBXGroup;
			children = (
				0BA3CBF820C0EFAB000F6DB0 /* HFCoreKit.framework */,
			);
			name = Products;
			sourceTree = "<group>";
		};
		0BA3CBFA20C0F1B8000F6DB0 /* Frameworks */ = {
			isa = PBXGroup;
			children = (
				0BA3CC0820C1195C000F6DB0 /* HFCoreKit.framework */,
				0BA3CBFD20C0F1C1000F6DB0 /* UIKit.framework */,
				0BA3CBFB20C0F1B9000F6DB0 /* Foundation.framework */,
			);
			name = Frameworks;
			sourceTree = "<group>";
		};
/* End PBXGroup section */

/* Begin PBXNativeTarget section */
		0BA3CBD520C0EEFE000F6DB0 /* HFAlertViewController */ = {
			isa = PBXNativeTarget;
			buildConfigurationList = 0BA3CBEC20C0EF00000F6DB0 /* Build configuration list for PBXNativeTarget "HFAlertViewController" */;
			buildPhases = (
				0BA3CBD220C0EEFE000F6DB0 /* Sources */,
				0BA3CBD320C0EEFE000F6DB0 /* Frameworks */,
				0BA3CBD420C0EEFE000F6DB0 /* Resources */,
			);
			buildRules = (
			);
			dependencies = (
			);
			name = HFAlertViewController;
			productName = HFAlertViewController;
			productReference = 0BA3CBD620C0EEFE000F6DB0 /* HFAlertViewController.app */;
			productType = "com.apple.product-type.application";
		};
/* End PBXNativeTarget section */

/* Begin PBXProject section */
		0BA3CBCE20C0EEFE000F6DB0 /* Project object */ = {
			isa = PBXProject;
			attributes = {
				LastUpgradeCheck = 0930;
				ORGANIZATIONNAME = HayFi;
				TargetAttributes = {
					0BA3CBD520C0EEFE000F6DB0 = {
						CreatedOnToolsVersion = 9.3;
					};
				};
			};
			buildConfigurationList = 0BA3CBD120C0EEFE000F6DB0 /* Build configuration list for PBXProject "HFAlertViewController" */;
			compatibilityVersion = "Xcode 9.3";
			developmentRegion = en;
			hasScannedForEncodings = 0;
			knownRegions = (
				en,
				Base,
			);
			mainGroup = 0BA3CBCD20C0EEFE000F6DB0;
			productRefGroup = 0BA3CBD720C0EEFE000F6DB0 /* Products */;
			projectDirPath = "";
			projectReferences = (
				{
					ProductGroup = 0BA3CBF320C0EFAA000F6DB0 /* Products */;
					ProjectRef = 0BA3CBF220C0EFAA000F6DB0 /* HFCoreKit.xcodeproj */;
				},
			);
			projectRoot = "";
			targets = (
				0BA3CBD520C0EEFE000F6DB0 /* HFAlertViewController */,
			);
		};
/* End PBXProject section */

/* Begin PBXReferenceProxy section */
		0BA3CBF820C0EFAB000F6DB0 /* HFCoreKit.framework */ = {
			isa = PBXReferenceProxy;
			fileType = wrapper.framework;
			path = HFCoreKit.framework;
			remoteRef = 0BA3CBF720C0EFAB000F6DB0 /* PBXContainerItemProxy */;
			sourceTree = BUILT_PRODUCTS_DIR;
		};
/* End PBXReferenceProxy section */

/* Begin PBXResourcesBuildPhase section */
		0BA3CBD420C0EEFE000F6DB0 /* Resources */ = {
			isa = PBXResourcesBuildPhase;
			buildActionMask = 2147483647;
			files = (
				0BA3CBE620C0EF00000F6DB0 /* LaunchScreen.storyboard in Resources */,
				0BA3CBE320C0EF00000F6DB0 /* Assets.xcassets in Resources */,
				0BA3CBE120C0EEFE000F6DB0 /* Main.storyboard in Resources */,
			);
			runOnlyForDeploymentPostprocessing = 0;
		};
/* End PBXResourcesBuildPhase section */

/* Begin PBXSourcesBuildPhase section */
		0BA3CBD220C0EEFE000F6DB0 /* Sources */ = {
			isa = PBXSourcesBuildPhase;
			buildActionMask = 2147483647;
			files = (
				0BA3CC0720C0F7AA000F6DB0 /* HFPopViewController.m in Sources */,
				0BA3CBDE20C0EEFE000F6DB0 /* ViewController.m in Sources */,
				0BA3CBE920C0EF00000F6DB0 /* main.m in Sources */,
				0BA3CBDB20C0EEFE000F6DB0 /* AppDelegate.m in Sources */,
			);
			runOnlyForDeploymentPostprocessing = 0;
		};
/* End PBXSourcesBuildPhase section */

/* Begin PBXVariantGroup section */
		0BA3CBDF20C0EEFE000F6DB0 /* Main.storyboard */ = {
			isa = PBXVariantGroup;
			children = (
				0BA3CBE020C0EEFE000F6DB0 /* Base */,
			);
			name = Main.storyboard;
			sourceTree = "<group>";
		};
		0BA3CBE420C0EF00000F6DB0 /* LaunchScreen.storyboard */ = {
			isa = PBXVariantGroup;
			children = (
				0BA3CBE520C0EF00000F6DB0 /* Base */,
			);
			name = LaunchScreen.storyboard;
			sourceTree = "<group>";
		};
/* End PBXVariantGroup section */

/* Begin XCBuildConfiguration section */
		0BA3CBEA20C0EF00000F6DB0 /* Debug */ = {
			isa = XCBuildConfiguration;
			buildSettings = {
				ALWAYS_SEARCH_USER_PATHS = NO;
				CLANG_ANALYZER_NONNULL = YES;
				CLANG_ANALYZER_NUMBER_OBJECT_CONVERSION = YES_AGGRESSIVE;
				CLANG_CXX_LANGUAGE_STANDARD = "gnu++14";
				CLANG_CXX_LIBRARY = "libc++";
				CLANG_ENABLE_MODULES = YES;
				CLANG_ENABLE_OBJC_ARC = YES;
				CLANG_ENABLE_OBJC_WEAK = YES;
				CLANG_WARN_BLOCK_CAPTURE_AUTORELEASING = YES;
				CLANG_WARN_BOOL_CONVERSION = YES;
				CLANG_WARN_COMMA = YES;
				CLANG_WARN_CONSTANT_CONVERSION = YES;
				CLANG_WARN_DEPRECATED_OBJC_IMPLEMENTATIONS = YES;
				CLANG_WARN_DIRECT_OBJC_ISA_USAGE = YES_ERROR;
				CLANG_WARN_DOCUMENTATION_COMMENTS = YES;
				CLANG_WARN_EMPTY_BODY = YES;
				CLANG_WARN_ENUM_CONVERSION = YES;
				CLANG_WARN_INFINITE_RECURSION = YES;
				CLANG_WARN_INT_CONVERSION = YES;
				CLANG_WARN_NON_LITERAL_NULL_CONVERSION = YES;
				CLANG_WARN_OBJC_IMPLICIT_RETAIN_SELF = YES;
				CLANG_WARN_OBJC_LITERAL_CONVERSION = YES;
				CLANG_WARN_OBJC_ROOT_CLASS = YES_ERROR;
				CLANG_WARN_RANGE_LOOP_ANALYSIS = YES;
				CLANG_WARN_STRICT_PROTOTYPES = YES;
				CLANG_WARN_SUSPICIOUS_MOVE = YES;
				CLANG_WARN_UNGUARDED_AVAILABILITY = YES_AGGRESSIVE;
				CLANG_WARN_UNREACHABLE_CODE = YES;
				CLANG_WARN__DUPLICATE_METHOD_MATCH = YES;
				CODE_SIGN_IDENTITY = "iPhone Developer";
				COPY_PHASE_STRIP = NO;
				DEBUG_INFORMATION_FORMAT = dwarf;
				ENABLE_STRICT_OBJC_MSGSEND = YES;
				ENABLE_TESTABILITY = YES;
				GCC_C_LANGUAGE_STANDARD = gnu11;
				GCC_DYNAMIC_NO_PIC = NO;
				GCC_NO_COMMON_BLOCKS = YES;
				GCC_OPTIMIZATION_LEVEL = 0;
				GCC_PREPROCESSOR_DEFINITIONS = (
					"DEBUG=1",
					"$(inherited)",
				);
				GCC_WARN_64_TO_32_BIT_CONVERSION = YES;
				GCC_WARN_ABOUT_RETURN_TYPE = YES_ERROR;
				GCC_WARN_UNDECLARED_SELECTOR = YES;
				GCC_WARN_UNINITIALIZED_AUTOS = YES_AGGRESSIVE;
				GCC_WARN_UNUSED_FUNCTION = YES;
				GCC_WARN_UNUSED_VARIABLE = YES;
				IPHONEOS_DEPLOYMENT_TARGET = 11.3;
				MTL_ENABLE_DEBUG_INFO = YES;
				ONLY_ACTIVE_ARCH = YES;
				SDKROOT = iphoneos;
			};
			name = Debug;
		};
		0BA3CBEB20C0EF00000F6DB0 /* Release */ = {
			isa = XCBuildConfiguration;
			buildSettings = {
				ALWAYS_SEARCH_USER_PATHS = NO;
				CLANG_ANALYZER_NONNULL = YES;
				CLANG_ANALYZER_NUMBER_OBJECT_CONVERSION = YES_AGGRESSIVE;
				CLANG_CXX_LANGUAGE_STANDARD = "gnu++14";
				CLANG_CXX_LIBRARY = "libc++";
				CLANG_ENABLE_MODULES = YES;
				CLANG_ENABLE_OBJC_ARC = YES;
				CLANG_ENABLE_OBJC_WEAK = YES;
				CLANG_WARN_BLOCK_CAPTURE_AUTORELEASING = YES;
				CLANG_WARN_BOOL_CONVERSION = YES;
				CLANG_WARN_COMMA = YES;
				CLANG_WARN_CONSTANT_CONVERSION = YES;
				CLANG_WARN_DEPRECATED_OBJC_IMPLEMENTATIONS = YES;
				CLANG_WARN_DIRECT_OBJC_ISA_USAGE = YES_ERROR;
				CLANG_WARN_DOCUMENTATION_COMMENTS = YES;
				CLANG_WARN_EMPTY_BODY = YES;
				CLANG_WARN_ENUM_CONVERSION = YES;
				CLANG_WARN_INFINITE_RECURSION = YES;
				CLANG_WARN_INT_CONVERSION = YES;
				CLANG_WARN_NON_LITERAL_NULL_CONVERSION = YES;
				CLANG_WARN_OBJC_IMPLICIT_RETAIN_SELF = YES;
				CLANG_WARN_OBJC_LITERAL_CONVERSION = YES;
				CLANG_WARN_OBJC_ROOT_CLASS = YES_ERROR;
				CLANG_WARN_RANGE_LOOP_ANALYSIS = YES;
				CLANG_WARN_STRICT_PROTOTYPES = YES;
				CLANG_WARN_SUSPICIOUS_MOVE = YES;
				CLANG_WARN_UNGUARDED_AVAILABILITY = YES_AGGRESSIVE;
				CLANG_WARN_UNREACHABLE_CODE = YES;
				CLANG_WARN__DUPLICATE_METHOD_MATCH = YES;
				CODE_SIGN_IDENTITY = "iPhone Developer";
				COPY_PHASE_STRIP = NO;
				DEBUG_INFORMATION_FORMAT = "dwarf-with-dsym";
				ENABLE_NS_ASSERTIONS = NO;
				ENABLE_STRICT_OBJC_MSGSEND = YES;
				GCC_C_LANGUAGE_STANDARD = gnu11;
				GCC_NO_COMMON_BLOCKS = YES;
				GCC_WARN_64_TO_32_BIT_CONVERSION = YES;
				GCC_WARN_ABOUT_RETURN_TYPE = YES_ERROR;
				GCC_WARN_UNDECLARED_SELECTOR = YES;
				GCC_WARN_UNINITIALIZED_AUTOS = YES_AGGRESSIVE;
				GCC_WARN_UNUSED_FUNCTION = YES;
				GCC_WARN_UNUSED_VARIABLE = YES;
				IPHONEOS_DEPLOYMENT_TARGET = 11.3;
				MTL_ENABLE_DEBUG_INFO = NO;
				SDKROOT = iphoneos;
				VALIDATE_PRODUCT = YES;
			};
			name = Release;
		};
		0BA3CBED20C0EF00000F6DB0 /* Debug */ = {
			isa = XCBuildConfiguration;
			buildSettings = {
				ASSETCATALOG_COMPILER_APPICON_NAME = AppIcon;
				CODE_SIGN_STYLE = Automatic;
				DEVELOPMENT_TEAM = N88S6L32PU;
				FRAMEWORK_SEARCH_PATHS = (
					"$(inherited)",
					"$(PROJECT_DIR)/HFCoreKit/Products",
				);
				GCC_PREFIX_HEADER = HFAlertViewController/PrefixHeader.pch;
				INFOPLIST_FILE = HFAlertViewController/Info.plist;
				IPHONEOS_DEPLOYMENT_TARGET = 8.0;
				LD_RUNPATH_SEARCH_PATHS = (
					"$(inherited)",
					"@executable_path/Frameworks",
				);
				OTHER_LDFLAGS = "-ObjC";
				PRODUCT_BUNDLE_IDENTIFIER = HayFi.HFAlertViewController;
				PRODUCT_NAME = "$(TARGET_NAME)";
				TARGETED_DEVICE_FAMILY = "1,2";
			};
			name = Debug;
		};
		0BA3CBEE20C0EF00000F6DB0 /* Release */ = {
			isa = XCBuildConfiguration;
			buildSettings = {
				ASSETCATALOG_COMPILER_APPICON_NAME = AppIcon;
				CODE_SIGN_STYLE = Automatic;
				DEVELOPMENT_TEAM = N88S6L32PU;
				FRAMEWORK_SEARCH_PATHS = (
					"$(inherited)",
					"$(PROJECT_DIR)/HFCoreKit/Products",
				);
				GCC_PREFIX_HEADER = HFAlertViewController/PrefixHeader.pch;
				INFOPLIST_FILE = HFAlertViewController/Info.plist;
				IPHONEOS_DEPLOYMENT_TARGET = 8.0;
				LD_RUNPATH_SEARCH_PATHS = (
					"$(inherited)",
					"@executable_path/Frameworks",
				);
				OTHER_LDFLAGS = "-ObjC";
				PRODUCT_BUNDLE_IDENTIFIER = HayFi.HFAlertViewController;
				PRODUCT_NAME = "$(TARGET_NAME)";
				TARGETED_DEVICE_FAMILY = "1,2";
			};
			name = Release;
		};
/* End XCBuildConfiguration section */

/* Begin XCConfigurationList section */
		0BA3CBD120C0EEFE000F6DB0 /* Build configuration list for PBXProject "HFAlertViewController" */ = {
			isa = XCConfigurationList;
			buildConfigurations = (
				0BA3CBEA20C0EF00000F6DB0 /* Debug */,
				0BA3CBEB20C0EF00000F6DB0 /* Release */,
			);
			defaultConfigurationIsVisible = 0;
			defaultConfigurationName = Release;
		};
		0BA3CBEC20C0EF00000F6DB0 /* Build configuration list for PBXNativeTarget "HFAlertViewController" */ = {
			isa = XCConfigurationList;
			buildConfigurations = (
				0BA3CBED20C0EF00000F6DB0 /* Debug */,
				0BA3CBEE20C0EF00000F6DB0 /* Release */,
			);
			defaultConfigurationIsVisible = 0;
			defaultConfigurationName = Release;
		};
/* End XCConfigurationList section */
	};
	rootObject = 0BA3CBCE20C0EEFE000F6DB0 /* Project object */;
}
